
Microsoft Visual Studio Solution File, Format Version 12.00
# Visual Studio Version 17
VisualStudioVersion = 17.11.35327.3
MinimumVisualStudioVersion = 10.0.40219.1
Project("{8BC9CEB8-8B4A-11D0-8D11-00A0C91BC942}") = "lesson2_Lior", "lesson2_Lior.vcxproj", "{ECEE904F-5292-4773-ACE2-4600D4060FCF}"
EndProject
Global
	GlobalSection(SolutionConfigurationPlatforms) = preSolution
		Debug|x64 = Debug|x64
		Debug|x86 = Debug|x86
		Release|x64 = Release|x64
		Release|x86 = Release|x86
	EndGlobalSection
	GlobalSection(ProjectConfigurationPlatforms) = postSolution
		{ECEE904F-5292-4773-ACE2-4600D4060FCF}.Debug|x64.ActiveCfg = Debug|x64
		{ECEE904F-5292-4773-ACE2-4600D4060FCF}.Debug|x64.Build.0 = Debug|x64
		{ECEE904F-5292-4773-ACE2-4600D4060FCF}.Debug|x86.ActiveCfg = Debug|Win32
		{ECEE904F-5292-4773-ACE2-4600D4060FCF}.Debug|x86.Build.0 = Debug|Win32
		{ECEE904F-5292-4773-ACE2-4600D4060FCF}.Release|x64.ActiveCfg = Release|x64
		{ECEE904F-5292-4773-ACE2-4600D4060FCF}.Release|x64.Build.0 = Release|x64
		{ECEE904F-5292-4773-ACE2-4600D4060FCF}.Release|x86.ActiveCfg = Release|Win32
		{ECEE904F-5292-4773-ACE2-4600D4060FCF}.Release|x86.Build.0 = Release|Win32
	EndGlobalSection
	GlobalSection(SolutionProperties) = preSolution
		HideSolutionNode = FALSE
	EndGlobalSection
	GlobalSection(ExtensibilityGlobals) = postSolution
		SolutionGuid = {F771613C-D03D-4A31-BEC6-0C081C3EEC5C}
	EndGlobalSection
EndGlobal
